
Microsoft Visual Studio Solution File, Format Version 12.00
# Visual Studio Version 17
VisualStudioVersion = 17.3.32825.248
MinimumVisualStudioVersion = 10.0.40219.1
Project("{9A19103F-16F7-4668-BE54-9A1E7A4F7556}") = "BaseAPI", "BaseAPI\BaseAPI.csproj", "{F7326D9A-5BAB-4EDF-84C3-87FA0B21225B}"
EndProject
Project("{9A19103F-16F7-4668-BE54-9A1E7A4F7556}") = "InventoryAPI", "API\InventoryAPI.csproj", "{DAABF627-FD25-400F-BA3B-6A6B96A13E9E}"
EndProject
Project("{9A19103F-16F7-4668-BE54-9A1E7A4F7556}") = "DataService", "DataService\DataService.csproj", "{B4DA892C-D175-40FA-B36F-6EF5C86366FA}"
EndProject
Project("{9A19103F-16F7-4668-BE54-9A1E7A4F7556}") = "Engine", "Engine\Engine.csproj", "{3C3C2DAB-56CB-4F33-8441-A2262F99125B}"
EndProject
Project("{2150E333-8FDC-42A3-9474-1A3956D46DE8}") = "APIs", "APIs", "{EBCF8731-83F7-4B94-AF82-97586B57ADDD}"
EndProject
Project("{2150E333-8FDC-42A3-9474-1A3956D46DE8}") = "Logic", "Logic", "{AE7235BA-65CC-48D8-AC1F-98B85B672A49}"
EndProject
Project("{2150E333-8FDC-42A3-9474-1A3956D46DE8}") = "Test", "Test", "{2F18962D-441C-4CC7-8EE7-7EB90364F5E7}"
EndProject
Project("{9A19103F-16F7-4668-BE54-9A1E7A4F7556}") = "Test.Engine", "Tests\Test.Engine\Test.Engine.csproj", "{56485889-B6D2-46CE-A2AA-7425B5424684}"
EndProject
Project("{9A19103F-16F7-4668-BE54-9A1E7A4F7556}") = "Test.Utils", "Tests\DummyTest\Test.Utils.csproj", "{DC1F4E5B-A8D9-4390-9364-1F11D0DF28BF}"
EndProject
Global
	GlobalSection(SolutionConfigurationPlatforms) = preSolution
		Debug|Any CPU = Debug|Any CPU
		Release|Any CPU = Release|Any CPU
	EndGlobalSection
	GlobalSection(ProjectConfigurationPlatforms) = postSolution
		{F7326D9A-5BAB-4EDF-84C3-87FA0B21225B}.Debug|Any CPU.ActiveCfg = Debug|Any CPU
		{F7326D9A-5BAB-4EDF-84C3-87FA0B21225B}.Debug|Any CPU.Build.0 = Debug|Any CPU
		{F7326D9A-5BAB-4EDF-84C3-87FA0B21225B}.Release|Any CPU.ActiveCfg = Release|Any CPU
		{F7326D9A-5BAB-4EDF-84C3-87FA0B21225B}.Release|Any CPU.Build.0 = Release|Any CPU
		{DAABF627-FD25-400F-BA3B-6A6B96A13E9E}.Debug|Any CPU.ActiveCfg = Debug|Any CPU
		{DAABF627-FD25-400F-BA3B-6A6B96A13E9E}.Debug|Any CPU.Build.0 = Debug|Any CPU
		{DAABF627-FD25-400F-BA3B-6A6B96A13E9E}.Release|Any CPU.ActiveCfg = Release|Any CPU
		{DAABF627-FD25-400F-BA3B-6A6B96A13E9E}.Release|Any CPU.Build.0 = Release|Any CPU
		{B4DA892C-D175-40FA-B36F-6EF5C86366FA}.Debug|Any CPU.ActiveCfg = Debug|Any CPU
		{B4DA892C-D175-40FA-B36F-6EF5C86366FA}.Debug|Any CPU.Build.0 = Debug|Any CPU
		{B4DA892C-D175-40FA-B36F-6EF5C86366FA}.Release|Any CPU.ActiveCfg = Release|Any CPU
		{B4DA892C-D175-40FA-B36F-6EF5C86366FA}.Release|Any CPU.Build.0 = Release|Any CPU
		{3C3C2DAB-56CB-4F33-8441-A2262F99125B}.Debug|Any CPU.ActiveCfg = Debug|Any CPU
		{3C3C2DAB-56CB-4F33-8441-A2262F99125B}.Debug|Any CPU.Build.0 = Debug|Any CPU
		{3C3C2DAB-56CB-4F33-8441-A2262F99125B}.Release|Any CPU.ActiveCfg = Release|Any CPU
		{3C3C2DAB-56CB-4F33-8441-A2262F99125B}.Release|Any CPU.Build.0 = Release|Any CPU
		{56485889-B6D2-46CE-A2AA-7425B5424684}.Debug|Any CPU.ActiveCfg = Debug|Any CPU
		{56485889-B6D2-46CE-A2AA-7425B5424684}.Debug|Any CPU.Build.0 = Debug|Any CPU
		{56485889-B6D2-46CE-A2AA-7425B5424684}.Release|Any CPU.ActiveCfg = Release|Any CPU
		{56485889-B6D2-46CE-A2AA-7425B5424684}.Release|Any CPU.Build.0 = Release|Any CPU
		{DC1F4E5B-A8D9-4390-9364-1F11D0DF28BF}.Debug|Any CPU.ActiveCfg = Debug|Any CPU
		{DC1F4E5B-A8D9-4390-9364-1F11D0DF28BF}.Debug|Any CPU.Build.0 = Debug|Any CPU
		{DC1F4E5B-A8D9-4390-9364-1F11D0DF28BF}.Release|Any CPU.ActiveCfg = Release|Any CPU
		{DC1F4E5B-A8D9-4390-9364-1F11D0DF28BF}.Release|Any CPU.Build.0 = Release|Any CPU
	EndGlobalSection
	GlobalSection(SolutionProperties) = preSolution
		HideSolutionNode = FALSE
	EndGlobalSection
	GlobalSection(NestedProjects) = preSolution
		{F7326D9A-5BAB-4EDF-84C3-87FA0B21225B} = {EBCF8731-83F7-4B94-AF82-97586B57ADDD}
		{DAABF627-FD25-400F-BA3B-6A6B96A13E9E} = {EBCF8731-83F7-4B94-AF82-97586B57ADDD}
		{B4DA892C-D175-40FA-B36F-6EF5C86366FA} = {AE7235BA-65CC-48D8-AC1F-98B85B672A49}
		{3C3C2DAB-56CB-4F33-8441-A2262F99125B} = {AE7235BA-65CC-48D8-AC1F-98B85B672A49}
		{56485889-B6D2-46CE-A2AA-7425B5424684} = {2F18962D-441C-4CC7-8EE7-7EB90364F5E7}
		{DC1F4E5B-A8D9-4390-9364-1F11D0DF28BF} = {2F18962D-441C-4CC7-8EE7-7EB90364F5E7}
	EndGlobalSection
	GlobalSection(ExtensibilityGlobals) = postSolution
		SolutionGuid = {9D3C12A3-1592-415A-AE71-53E68B25F6E0}
	EndGlobalSection
EndGlobal
